
Microsoft Visual Studio Solution File, Format Version 12.00
# Visual Studio 2013
VisualStudioVersion = 12.0.31101.0
MinimumVisualStudioVersion = 10.0.40219.1
Project("{FAE04EC0-301F-11D3-BF4B-00C04F79EFBC}") = "CashPau", "CashPau\CashPau.csproj", "{FB96DFE1-B98B-41ED-BD3D-AF2F4DF6E2BD}"
EndProject
Project("{E24C65DC-7377-472B-9ABA-BC803B73C61A}") = "WebSitePlantilla", "http://localhost:41561", "{6892F2D9-87A8-43EA-8C4B-30F09AE217F8}"
	ProjectSection(WebsiteProperties) = preProject
		UseIISExpress = "true"
		TargetFrameworkMoniker = ".NETFramework,Version%3Dv4.5"
		Debug.AspNetCompiler.VirtualPath = "/localhost_41561"
		Debug.AspNetCompiler.PhysicalPath = "..\..\Visual Studio 2013\WebSites\WebSitePlantilla\"
		Debug.AspNetCompiler.TargetPath = "PrecompiledWeb\localhost_41561\"
		Debug.AspNetCompiler.Updateable = "true"
		Debug.AspNetCompiler.ForceOverwrite = "true"
		Debug.AspNetCompiler.FixedNames = "false"
		Debug.AspNetCompiler.Debug = "True"
		Release.AspNetCompiler.VirtualPath = "/localhost_41561"
		Release.AspNetCompiler.PhysicalPath = "..\..\Visual Studio 2013\WebSites\WebSitePlantilla\"
		Release.AspNetCompiler.TargetPath = "PrecompiledWeb\localhost_41561\"
		Release.AspNetCompiler.Updateable = "true"
		Release.AspNetCompiler.ForceOverwrite = "true"
		Release.AspNetCompiler.FixedNames = "false"
		Release.AspNetCompiler.Debug = "False"
		SlnRelativePath = "..\..\Visual Studio 2013\WebSites\WebSitePlantilla\"
		DefaultWebSiteLanguage = "Visual C#"
	EndProjectSection
EndProject
Global
	GlobalSection(SolutionConfigurationPlatforms) = preSolution
		Debug|Any CPU = Debug|Any CPU
		Release|Any CPU = Release|Any CPU
	EndGlobalSection
	GlobalSection(ProjectConfigurationPlatforms) = postSolution
		{FB96DFE1-B98B-41ED-BD3D-AF2F4DF6E2BD}.Debug|Any CPU.ActiveCfg = Debug|Any CPU
		{FB96DFE1-B98B-41ED-BD3D-AF2F4DF6E2BD}.Debug|Any CPU.Build.0 = Debug|Any CPU
		{FB96DFE1-B98B-41ED-BD3D-AF2F4DF6E2BD}.Release|Any CPU.ActiveCfg = Release|Any CPU
		{FB96DFE1-B98B-41ED-BD3D-AF2F4DF6E2BD}.Release|Any CPU.Build.0 = Release|Any CPU
		{6892F2D9-87A8-43EA-8C4B-30F09AE217F8}.Debug|Any CPU.ActiveCfg = Debug|Any CPU
		{6892F2D9-87A8-43EA-8C4B-30F09AE217F8}.Debug|Any CPU.Build.0 = Debug|Any CPU
		{6892F2D9-87A8-43EA-8C4B-30F09AE217F8}.Release|Any CPU.ActiveCfg = Debug|Any CPU
		{6892F2D9-87A8-43EA-8C4B-30F09AE217F8}.Release|Any CPU.Build.0 = Debug|Any CPU
	EndGlobalSection
	GlobalSection(SolutionProperties) = preSolution
		HideSolutionNode = FALSE
	EndGlobalSection
EndGlobal
