
Microsoft Visual Studio Solution File, Format Version 12.00
# Visual Studio 2013
VisualStudioVersion = 12.0.31101.0
MinimumVisualStudioVersion = 10.0.40219.1
Project("{FAE04EC0-301F-11D3-BF4B-00C04F79EFBC}") = "CashPau", "CashPau\CashPau.csproj", "{FB96DFE1-B98B-41ED-BD3D-AF2F4DF6E2BD}"
EndProject
Project("{E24C65DC-7377-472B-9ABA-BC803B73C61A}") = "plantilla", "http://localhost:41694", "{EEE2DB8C-8B9B-4949-8ADB-CD4BFA3B306B}"
	ProjectSection(WebsiteProperties) = preProject
		UseIISExpress = "true"
		TargetFrameworkMoniker = ".NETFramework,Version%3Dv4.0"
		Debug.AspNetCompiler.VirtualPath = "/localhost_41694"
		Debug.AspNetCompiler.PhysicalPath = "plantilla\"
		Debug.AspNetCompiler.TargetPath = "PrecompiledWeb\localhost_41694\"
		Debug.AspNetCompiler.Updateable = "true"
		Debug.AspNetCompiler.ForceOverwrite = "true"
		Debug.AspNetCompiler.FixedNames = "false"
		Debug.AspNetCompiler.Debug = "True"
		Release.AspNetCompiler.VirtualPath = "/localhost_41694"
		Release.AspNetCompiler.PhysicalPath = "plantilla\"
		Release.AspNetCompiler.TargetPath = "PrecompiledWeb\localhost_41694\"
		Release.AspNetCompiler.Updateable = "true"
		Release.AspNetCompiler.ForceOverwrite = "true"
		Release.AspNetCompiler.FixedNames = "false"
		Release.AspNetCompiler.Debug = "False"
		SlnRelativePath = "plantilla\"
	EndProjectSection
EndProject
Global
	GlobalSection(SolutionConfigurationPlatforms) = preSolution
		Debug|Any CPU = Debug|Any CPU
		Release|Any CPU = Release|Any CPU
	EndGlobalSection
	GlobalSection(ProjectConfigurationPlatforms) = postSolution
		{FB96DFE1-B98B-41ED-BD3D-AF2F4DF6E2BD}.Debug|Any CPU.ActiveCfg = Debug|Any CPU
		{FB96DFE1-B98B-41ED-BD3D-AF2F4DF6E2BD}.Debug|Any CPU.Build.0 = Debug|Any CPU
		{FB96DFE1-B98B-41ED-BD3D-AF2F4DF6E2BD}.Release|Any CPU.ActiveCfg = Release|Any CPU
		{FB96DFE1-B98B-41ED-BD3D-AF2F4DF6E2BD}.Release|Any CPU.Build.0 = Release|Any CPU
		{EEE2DB8C-8B9B-4949-8ADB-CD4BFA3B306B}.Debug|Any CPU.ActiveCfg = Debug|Any CPU
		{EEE2DB8C-8B9B-4949-8ADB-CD4BFA3B306B}.Debug|Any CPU.Build.0 = Debug|Any CPU
		{EEE2DB8C-8B9B-4949-8ADB-CD4BFA3B306B}.Release|Any CPU.ActiveCfg = Debug|Any CPU
		{EEE2DB8C-8B9B-4949-8ADB-CD4BFA3B306B}.Release|Any CPU.Build.0 = Debug|Any CPU
	EndGlobalSection
	GlobalSection(SolutionProperties) = preSolution
		HideSolutionNode = FALSE
	EndGlobalSection
EndGlobal
